version: 7
platforms:
- name: linux-64
  virtual-packages:
  - __unix=0=0
  - __linux=4.18
  - __glibc=2.28
  - __archspec=0=x86_64
- name: linux-aarch64
  virtual-packages:
  - __unix=0=0
  - __linux=4.18
  - __glibc=2.28
  - __archspec=0=aarch64
- name: osx-64
  virtual-packages:
  - __unix=0=0
  - __osx=13.0
  - __archspec=0=x86_64
- name: osx-arm64
  virtual-packages:
  - __unix=0=0
  - __osx=13.0
  - __archspec=0=m1
- name: win-64
  virtual-packages:
  - __win=10.0
  - __archspec=0=x86_64
environments:
  default:
    channels:
    - url: https://conda.anaconda.org/conda-forge/
    packages:
      linux-64:
      - conda: https://conda.anaconda.org/conda-forge/linux-64/_openmp_mutex-4.5-20_gnu.conda
      - conda: https://conda.anaconda.org/conda-forge/linux-64/actionlint-1.7.12-h8bc977c_0.conda
      - conda: https://conda.anaconda.org/conda-forge/linux-64/gdbm-1.18-h0a1914f_2.tar.bz2
      - conda: https://conda.anaconda.org/conda-forge/linux-64/gmp-6.3.0-hfd2156b_3.conda
      - conda: https://conda.anaconda.org/conda-forge/linux-64/go-shfmt-3.14.1-hfc2019e_0.conda
      - conda: https://conda.anaconda.org/conda-forge/linux-64/libffi-3.5.2-h3435931_0.conda
      - conda: https://conda.anaconda.org/conda-forge/linux-64/libgcc-16.2.0-ha9f2e26_7.conda
      - conda: https://conda.anaconda.org/conda-forge/linux-64/libgcc-ng-16.2.0-h69a702a_7.conda
      - conda: https://conda.anaconda.org/conda-forge/linux-64/libgomp-16.2.0-he0feb66_7.conda
      - conda: https://conda.anaconda.org/conda-forge/linux-64/libstdcxx-16.2.0-h934c35e_7.conda
      - conda: https://conda.anaconda.org/conda-forge/linux-64/libxcrypt-4.4.38-h280c20c_0.conda
      - conda: https://conda.anaconda.org/conda-forge/linux-64/libzlib-1.3.2-h25fd6f3_3.conda
      - conda: https://conda.anaconda.org/conda-forge/linux-64/ncurses-6.6-hdb14827_1.conda
      - conda: https://conda.anaconda.org/conda-forge/linux-64/openssl-3.6.5-h781a0a9_0.conda
      - conda: https://conda.anaconda.org/conda-forge/linux-64/readline-8.3-hd6e31c0_1.conda
      - conda: https://conda.anaconda.org/conda-forge/linux-64/ruby-3.4.8-h498564d_0.conda
      - conda: https://conda.anaconda.org/conda-forge/linux-64/shellcheck-0.11.0-ha770c72_2.conda
      - conda: https://conda.anaconda.org/conda-forge/linux-64/yaml-0.2.5-hebe6cf0_3.conda
      - conda: https://conda.anaconda.org/conda-forge/noarch/ca-certificates-2026.7.22-hbd8a1cb_0.conda
      linux-aarch64:
      - conda: https://conda.anaconda.org/conda-forge/linux-aarch64/_openmp_mutex-4.5-20_gnu.conda
      - conda: https://conda.anaconda.org/conda-forge/linux-aarch64/actionlint-1.7.12-hddfeb4d_0.conda
      - conda: https://conda.anaconda.org/conda-forge/linux-aarch64/gmp-6.3.0-h4d6b352_3.conda
      - conda: https://conda.anaconda.org/conda-forge/linux-aarch64/go-shfmt-3.14.1-h22914b5_0.conda
      - conda: https://conda.anaconda.org/conda-forge/linux-aarch64/libffi-3.5.2-h376a255_0.conda
      - conda: https://conda.anaconda.org/conda-forge/linux-aarch64/libgcc-16.2.0-h205dda4_7.conda
      - conda: https://conda.anaconda.org/conda-forge/linux-aarch64/libgomp-16.2.0-h8acb6b2_7.conda
      - conda: https://conda.anaconda.org/conda-forge/linux-aarch64/libstdcxx-16.2.0-hef695bb_7.conda
      - conda: https://conda.anaconda.org/conda-forge/linux-aarch64/libxcrypt-4.4.38-h80f16a2_0.conda
      - conda: https://conda.anaconda.org/conda-forge/linux-aarch64/libzlib-1.3.2-hdc9db2a_3.conda
      - conda: https://conda.anaconda.org/conda-forge/linux-aarch64/ncurses-6.6-h2b6f883_1.conda
      - conda: https://conda.anaconda.org/conda-forge/linux-aarch64/openssl-3.6.5-he6ad1d5_0.conda
      - conda: https://conda.anaconda.org/conda-forge/linux-aarch64/readline-8.3-ha7194a6_1.conda
      - conda: https://conda.anaconda.org/conda-forge/linux-aarch64/ruby-3.4.8-h3df7994_0.conda
      - conda: https://conda.anaconda.org/conda-forge/linux-aarch64/shellcheck-0.11.0-h8af1aa0_2.conda
      - conda: https://conda.anaconda.org/conda-forge/linux-aarch64/yaml-0.2.5-h29ee22c_3.conda
      - conda: https://conda.anaconda.org/conda-forge/noarch/ca-certificates-2026.7.22-hbd8a1cb_0.conda
      osx-64:
      - conda: https://conda.anaconda.org/conda-forge/noarch/ca-certificates-2026.7.22-hbd8a1cb_0.conda
      - conda: https://conda.anaconda.org/conda-forge/osx-64/actionlint-1.7.12-h5220d24_0.conda
      - conda: https://conda.anaconda.org/conda-forge/osx-64/gdbm-1.18-h8a0c380_2.tar.bz2
      - conda: https://conda.anaconda.org/conda-forge/osx-64/gettext-0.25.1-h98e67c8_2.conda
      - conda: https://conda.anaconda.org/conda-forge/osx-64/gettext-tools-0.25.1-h98e67c8_2.conda
      - conda: https://conda.anaconda.org/conda-forge/osx-64/gmp-6.3.0-h65442b7_3.conda
      - conda: https://conda.anaconda.org/conda-forge/osx-64/go-shfmt-3.14.1-h5839d16_0.conda
      - conda: https://conda.anaconda.org/conda-forge/osx-64/libasprintf-0.25.1-h98e67c8_2.conda
      - conda: https://conda.anaconda.org/conda-forge/osx-64/libasprintf-devel-0.25.1-h98e67c8_2.conda
      - conda: https://conda.anaconda.org/conda-forge/osx-64/libcxx-23.1.3-h19cb2f5_0.conda
      - conda: https://conda.anaconda.org/conda-forge/osx-64/libffi-3.5.2-hd1f9c09_0.conda
      - conda: https://conda.anaconda.org/conda-forge/osx-64/libgettextpo-0.25.1-h98e67c8_2.conda
      - conda: https://conda.anaconda.org/conda-forge/osx-64/libgettextpo-devel-0.25.1-h98e67c8_2.conda
      - conda: https://conda.anaconda.org/conda-forge/osx-64/libiconv-1.18-h4ae439b_3.conda
      - conda: https://conda.anaconda.org/conda-forge/osx-64/libintl-0.25.1-h98e67c8_2.conda
      - conda: https://conda.anaconda.org/conda-forge/osx-64/libintl-devel-0.25.1-h98e67c8_2.conda
      - conda: https://conda.anaconda.org/conda-forge/osx-64/libzlib-1.3.2-hbb4bfdb_3.conda
      - conda: https://conda.anaconda.org/conda-forge/osx-64/ncurses-6.6-hcc0dc9a_1.conda
      - conda: https://conda.anaconda.org/conda-forge/osx-64/openssl-3.6.5-h332eb6d_0.conda
      - conda: https://conda.anaconda.org/conda-forge/osx-64/readline-8.3-h000c2f7_1.conda
      - conda: https://conda.anaconda.org/conda-forge/osx-64/ruby-3.4.8-h7b6378a_0.conda
      - conda: https://conda.anaconda.org/conda-forge/osx-64/shellcheck-0.11.0-h7dd6a17_2.conda
      - conda: https://conda.anaconda.org/conda-forge/osx-64/yaml-0.2.5-had63097_3.conda
      osx-arm64:
      - conda: https://conda.anaconda.org/conda-forge/noarch/ca-certificates-2026.7.22-hbd8a1cb_0.conda
      - conda: https://conda.anaconda.org/conda-forge/osx-arm64/actionlint-1.7.12-h7969508_0.conda
      - conda: https://conda.anaconda.org/conda-forge/osx-arm64/gettext-0.25.1-hae62183_2.conda
      - conda: https://conda.anaconda.org/conda-forge/osx-arm64/gettext-tools-0.25.1-hae62183_2.conda
      - conda: https://conda.anaconda.org/conda-forge/osx-arm64/gmp-6.3.0-hf5e55b1_3.conda
      - conda: https://conda.anaconda.org/conda-forge/osx-arm64/go-shfmt-3.14.1-hf76c51c_0.conda
      - conda: https://conda.anaconda.org/conda-forge/osx-arm64/libasprintf-0.25.1-hae62183_2.conda
      - conda: https://conda.anaconda.org/conda-forge/osx-arm64/libasprintf-devel-0.25.1-hae62183_2.conda
      - conda: https://conda.anaconda.org/conda-forge/osx-arm64/libcxx-23.1.3-h55c6f16_0.conda
      - conda: https://conda.anaconda.org/conda-forge/osx-arm64/libffi-3.5.2-hcf2aa1b_0.conda
      - conda: https://conda.anaconda.org/conda-forge/osx-arm64/libgettextpo-0.25.1-hae62183_2.conda
      - conda: https://conda.anaconda.org/conda-forge/osx-arm64/libgettextpo-devel-0.25.1-hae62183_2.conda
      - conda: https://conda.anaconda.org/conda-forge/osx-arm64/libiconv-1.18-he4c29f2_3.conda
      - conda: https://conda.anaconda.org/conda-forge/osx-arm64/libintl-0.25.1-hae62183_2.conda
      - conda: https://conda.anaconda.org/conda-forge/osx-arm64/libintl-devel-0.25.1-hae62183_2.conda
      - conda: https://conda.anaconda.org/conda-forge/osx-arm64/libzlib-1.3.2-h8088a28_3.conda
      - conda: https://conda.anaconda.org/conda-forge/osx-arm64/ncurses-6.6-he64c551_1.conda
      - conda: https://conda.anaconda.org/conda-forge/osx-arm64/openssl-3.6.5-h55eecbc_0.conda
      - conda: https://conda.anaconda.org/conda-forge/osx-arm64/readline-8.3-h8b90a29_1.conda
      - conda: https://conda.anaconda.org/conda-forge/osx-arm64/ruby-3.4.8-hbf9a790_0.conda
      - conda: https://conda.anaconda.org/conda-forge/osx-arm64/shellcheck-0.11.0-hecfb573_2.conda
      - conda: https://conda.anaconda.org/conda-forge/osx-arm64/yaml-0.2.5-h74c22ad_3.conda
      win-64:
      - conda: https://conda.anaconda.org/conda-forge/noarch/ca-certificates-2026.7.22-h4c7d964_0.conda
      - conda: https://conda.anaconda.org/conda-forge/win-64/actionlint-1.7.12-h11b0a5a_0.conda
      - conda: https://conda.anaconda.org/conda-forge/win-64/go-shfmt-3.14.1-h11686cb_0.conda
      - conda: https://conda.anaconda.org/conda-forge/win-64/libffi-3.5.2-h3d046cb_0.conda
      - conda: https://conda.anaconda.org/conda-forge/win-64/libzlib-1.3.2-hfd05255_3.conda
      - conda: https://conda.anaconda.org/conda-forge/win-64/openssl-3.6.5-hf411b9b_0.conda
      - conda: https://conda.anaconda.org/conda-forge/win-64/ruby-3.4.8-h8d30f69_0.conda
      - conda: https://conda.anaconda.org/conda-forge/win-64/shellcheck-0.11.0-h57928b3_2.conda
      - conda: https://conda.anaconda.org/conda-forge/win-64/ucrt-10.0.26100.0-h57928b3_0.conda
      - conda: https://conda.anaconda.org/conda-forge/win-64/vc-14.5-ha367084_41.conda
      - conda: https://conda.anaconda.org/conda-forge/win-64/vc14_runtime-14.51.36247-habf1de7_41.conda
      - conda: https://conda.anaconda.org/conda-forge/win-64/vcomp14-14.51.36247-habf1de7_41.conda
      - conda: https://conda.anaconda.org/conda-forge/win-64/yaml-0.2.5-h6a83c73_3.conda
packages:
- conda: https://conda.anaconda.org/conda-forge/linux-64/_openmp_mutex-4.5-20_gnu.conda
  build_number: 20
  sha256: 1dd3fffd892081df9726d7eb7e0dea6198962ba775bd88842135a4ddb4deb3c9
  md5: a9f577daf3de00bca7c3c76c0ecbd1de
  depends:
  - __glibc >=2.17,<3.0.a0
  - libgomp >=7.5.0
  constrains:
  - openmp_impl <0.0a0
  license: BSD-3-Clause
  license_family: BSD
  run_exports:
    strong:
    - _openmp_mutex >=4.5
  size: 28948
  timestamp: 1770939786096
- conda: https://conda.anaconda.org/conda-forge/linux-64/actionlint-1.7.12-h8bc977c_0.conda
  sha256: 1fff5ee0d83045ef90104ca83f52b4c44feb4ab2036fc7903fe9733f50721209
  md5: bab393750db08f50eebaf96f50d18734
  depends:
  - libgcc >=14
  - __glibc >=2.17
  - __glibc >=2.17,<3.0.a0
  license: MIT
  license_family: MIT
  run_exports: {}
  size: 2131192
  timestamp: 1774975766537
- conda: https://conda.anaconda.org/conda-forge/linux-64/gdbm-1.18-h0a1914f_2.tar.bz2
  sha256: 8b9606dc896bd9262d09ab2ef1cb55c4ee43f352473209b58b37a9289dd7b00c
  md5: b77bc399b07a19c00fe12fdc95ee0297
  depends:
  - libgcc-ng >=7.5.0
  - readline >=8.0,<9.0a0
  license: GPL-3.0
  license_family: GPL
  run_exports:
    weak:
    - gdbm >=1.18,<1.19.0a0
  size: 194790
  timestamp: 1597622040785
- conda: https://conda.anaconda.org/conda-forge/linux-64/gmp-6.3.0-hfd2156b_3.conda
  sha256: f36c336efc874f346a53a9011f67e997f9faac505562cc18c13b6d399cfe61c7
  md5: 576e32739f323438bf69ab006c21be7b
  depends:
  - __glibc >=2.17,<3.0.a0
  - libgcc >=14
  - libstdcxx >=14
  license: GPL-2.0-or-later OR LGPL-3.0-or-later
  run_exports:
    weak:
    - gmp >=6.3.0,<7.0a0
  size: 493498
  timestamp: 1786629164954
- conda: https://conda.anaconda.org/conda-forge/linux-64/go-shfmt-3.14.1-hfc2019e_0.conda
  sha256: 0cc0a5c62bba143b540a5f266fc3bc826ce784bc244be957f3a5af77c65d2011
  md5: 386bf257712ac5572a546c1d1c781cf2
  license: BSD-3-Clause
  license_family: BSD
  run_exports: {}
  size: 2240391
  timestamp: 1788728447336
- conda: https://conda.anaconda.org/conda-forge/linux-64/libffi-3.5.2-h3435931_0.conda
  sha256: 31f19b6a88ce40ebc0d5a992c131f57d919f73c0b92cd1617a5bec83f6e961e6
  md5: a360c33a5abe61c07959e449fa1453eb
  depends:
  - __glibc >=2.17,<3.0.a0
  - libgcc >=14
  license: MIT
  license_family: MIT
  run_exports:
    weak:
    - libffi >=3.5.2,<3.6.0a0
  size: 58592
  timestamp: 1769456073053
- conda: https://conda.anaconda.org/conda-forge/linux-64/libgcc-16.2.0-ha9f2e26_7.conda
  sha256: e031634c3a928f9594eba868bc46ef5230d6571a364a0c63215b06c4563bfcea
  md5: 735629b400b70eeab21a2ba8f5b1c2ce
  depends:
  - __glibc >=2.17,<3.0.a0
  - _openmp_mutex >=4.5
  constrains:
  - libgcc-ng ==16.2.0=*_7
  - libgomp 16.2.0 he0feb66_7
  license: GPL-3.0-only WITH GCC-exception-3.1
  license_family: GPL
  run_exports: {}
  size: 1058444
  timestamp: 1790303109576
- conda: https://conda.anaconda.org/conda-forge/linux-64/libgcc-ng-16.2.0-h69a702a_7.conda
  sha256: 03b54d7008de080a17cc2174b0e4acd6d06e1c981b2eb19846f46d8f59966034
  md5: 2005515ac9340f816fb2ac7e83afe553
  depends:
  - libgcc 16.2.0 ha9f2e26_7
  license: GPL-3.0-only WITH GCC-exception-3.1
  license_family: GPL
  run_exports:
    strong:
    - libgcc
  size: 28616
  timestamp: 1790303114248
- conda: https://conda.anaconda.org/conda-forge/linux-64/libgomp-16.2.0-he0feb66_7.conda
  sha256: 92a0bb350c7be6a4eedcb4e111c60aefd176018e6b1c009a6e025dbe9bbcd758
  md5: d904c7ddd95e026254b4b80808ee9e12
  depends:
  - __glibc >=2.17,<3.0.a0
  license: GPL-3.0-only WITH GCC-exception-3.1
  license_family: GPL
  run_exports:
    strong:
    - _openmp_mutex >=4.5
  size: 640566
  timestamp: 1790303046034
- conda: https://conda.anaconda.org/conda-forge/linux-64/libstdcxx-16.2.0-h934c35e_7.conda
  sha256: fa7018298629fc429971fffd6ecba3d27a7b02e4e890d6a93ea01ffebe8cb745
  md5: 9b6707e0caca917fa6ea9ee473f37a5d
  depends:
  - __glibc >=2.17,<3.0.a0
  - libgcc 16.2.0 ha9f2e26_7
  constrains:
  - libstdcxx-ng ==16.2.0=*_7
  license: GPL-3.0-only WITH GCC-exception-3.1
  license_family: GPL
  run_exports: {}
  size: 6615436
  timestamp: 1790303132935
- conda: https://conda.anaconda.org/conda-forge/linux-64/libxcrypt-4.4.38-h280c20c_0.conda
  sha256: f7e9292dd219a6435bbb1223da9586c3e70d66d169c5a92f08db3f2127df04e9
  md5: f7a7ff5a6ab331e037abd34f379a631d
  depends:
  - libgcc >=14
  - __glibc >=2.17,<3.0.a0
  license: LGPL-2.1-or-later
  run_exports:
    weak:
    - libxcrypt >=4.4.38
  size: 101957
  timestamp: 1785887123445
- conda: https://conda.anaconda.org/conda-forge/linux-64/libzlib-1.3.2-h25fd6f3_3.conda
  sha256: eb8a0db0aa570124f7d2a93d7c7f596e3390df5e047818d873baad32985fc736
  md5: 0de0122d9570a8ab637c6b73db268389
  depends:
  - __glibc >=2.17,<3.0.a0
  constrains:
  - zlib 1.3.2 *_3
  license: Zlib
  license_family: Other
  run_exports:
    weak:
    - libzlib >=1.3.2,<2.0a0
  size: 63713
  timestamp: 1785362952714
- conda: https://conda.anaconda.org/conda-forge/linux-64/ncurses-6.6-hdb14827_1.conda
  sha256: 5d46557214ed184381dafe835b7c94a474a1c3b307a08a250b1ea4779b44ffb3
  md5: ee6c0cd80a60961a1f48aa3e0b91f986
  depends:
  - __glibc >=2.17,<3.0.a0
  - libgcc >=14
  license: X11 AND BSD-3-Clause
  run_exports:
    weak:
    - ncurses >=6.6,<7.0a0
  size: 911196
  timestamp: 1786355078102
- conda: https://conda.anaconda.org/conda-forge/linux-64/openssl-3.6.5-h781a0a9_0.conda
  sha256: 9c1533f1cf784f0e250919c0c9762d0b0e6bc727a79290ffb7cea1ceca1d038c
  md5: 5a51a2ea653f120240b1a9bf76e0aae9
  depends:
  - __glibc >=2.17,<3.0.a0
  - ca-certificates
  - libgcc >=15
  license: Apache-2.0
  license_family: Apache
  run_exports:
    weak:
    - openssl >=3.6.5,<4.0a0
  size: 3195299
  timestamp: 1791098052301
- conda: https://conda.anaconda.org/conda-forge/linux-64/readline-8.3-hd6e31c0_1.conda
  sha256: 01b3fe073a66e321970d09e04b388708f8cbdca5cdfbfcb7c9eeb470ad10383d
  md5: 69c01c781e7c8190bbdaf79e3848c5ca
  depends:
  - __glibc >=2.17,<3.0.a0
  - libgcc >=15
  - ncurses >=6.6,<7.0a0
  license: GPL-3.0-only
  license_family: GPL
  run_exports:
    weak:
    - readline >=8.3,<9.0a0
  size: 348899
  timestamp: 1787033801506
- conda: https://conda.anaconda.org/conda-forge/linux-64/ruby-3.4.8-h498564d_0.conda
  sha256: 2e5fddb76b71217ee81f43a97cdad2fdeaf6e46ca4b51106677f6f30ddee2dfc
  md5: 10d1bec841bb5ae68b053387d48f7f07
  depends:
  - __glibc >=2.17,<3.0.a0
  - gdbm >=1.18,<1.19.0a0
  - gmp >=6.3.0,<7.0a0
  - libffi >=3.5.2,<3.6.0a0
  - libgcc >=14
  - libxcrypt >=4.4.36
  - libzlib >=1.3.1,<2.0a0
  - ncurses >=6.5,<7.0a0
  - openssl >=3.5.4,<4.0a0
  - readline >=8.3,<9.0a0
  - yaml >=0.2.5,<0.3.0a0
  constrains:
  - __glibc >=2.17
  track_features:
  - rb34
  license: BSD-2-Clause
  license_family: BSD
  run_exports:
    weak:
    - ruby >=3.4.8,<3.5.0a0
  size: 13095624
  timestamp: 1765964101082
- conda: https://conda.anaconda.org/conda-forge/linux-64/shellcheck-0.11.0-ha770c72_2.conda
  sha256: cae8d3c46451ee64c61f1266fbe775807192fc98b9fb5027434d25e57d6c83d8
  md5: 3a5216c61edcf3924bccd8b6f56b283c
  license: GPL-3.0-only
  license_family: GPL
  run_exports: {}
  size: 2758190
  timestamp: 1790696357989
- conda: https://conda.anaconda.org/conda-forge/linux-64/yaml-0.2.5-hebe6cf0_3.conda
  sha256: d164dfa75ecd538f6fd68765defcc06aa875bc697b9b215362d79a2a73125dd0
  md5: e741576fb8f89821ac7c1c537322a33d
  depends:
  - __glibc >=2.17,<3.0.a0
  - libgcc >=15
  license: MIT
  license_family: MIT
  run_exports:
    weak:
    - yaml >=0.2.5,<0.3.0a0
  size: 84936
  timestamp: 1787228426393
- conda: https://conda.anaconda.org/conda-forge/linux-aarch64/_openmp_mutex-4.5-20_gnu.conda
  build_number: 20
  sha256: a2527b1d81792a0ccd2c05850960df119c2b6d8f5fdec97f2db7d25dc23b1068
  md5: 468fd3bb9e1f671d36c2cbc677e56f1d
  depends:
  - libgomp >=7.5.0
  constrains:
  - openmp_impl <0.0a0
  license: BSD-3-Clause
  license_family: BSD
  run_exports:
    strong:
    - _openmp_mutex >=4.5
  size: 28926
  timestamp: 1770939656741
- conda: https://conda.anaconda.org/conda-forge/linux-aarch64/actionlint-1.7.12-hddfeb4d_0.conda
  sha256: f05c5b7919974955fbb29dd28d3658ecac758fed89c3fd8223d1db97b139d722
  md5: ebe43da3051320d989a8ffbeb72b7a9c
  depends:
  - libgcc >=14
  license: MIT
  license_family: MIT
  run_exports: {}
  size: 1905426
  timestamp: 1774975778273
- conda: https://conda.anaconda.org/conda-forge/linux-aarch64/gmp-6.3.0-h4d6b352_3.conda
  sha256: ab165962a7316f269a7bde936aa442bf69f0fed97a497e63ec28f366b4999037
  md5: ce2326e31df1913341036653e1c07baa
  depends:
  - libstdcxx >=14
  - libgcc >=14
  license: GPL-2.0-or-later OR LGPL-3.0-or-later
  run_exports:
    weak:
    - gmp >=6.3.0,<7.0a0
  size: 457444
  timestamp: 1786629160018
- conda: https://conda.anaconda.org/conda-forge/linux-aarch64/go-shfmt-3.14.1-h22914b5_0.conda
  sha256: 9ffbbc47cc6def377e9eaae0559405a4b46acd8562aea9b1cc37478df38d7e91
  md5: 0617131e9770ec1b141f9a9ffd2e47f4
  license: BSD-3-Clause
  license_family: BSD
  run_exports: {}
  size: 2062890
  timestamp: 1788728450911
- conda: https://conda.anaconda.org/conda-forge/linux-aarch64/libffi-3.5.2-h376a255_0.conda
  sha256: 3df4c539449aabc3443bbe8c492c01d401eea894603087fca2917aa4e1c2dea9
  md5: 2f364feefb6a7c00423e80dcb12db62a
  depends:
  - libgcc >=14
  license: MIT
  license_family: MIT
  run_exports:
    weak:
    - libffi >=3.5.2,<3.6.0a0
  size: 55952
  timestamp: 1769456078358
- conda: https://conda.anaconda.org/conda-forge/linux-aarch64/libgcc-16.2.0-h205dda4_7.conda
  sha256: eae7a3449d5a3b5351c5427137c076cc3fc826645c7bfc42dc10772b783826f1
  md5: 489d5c9dc62265b3f6a57f9a106f1caf
  depends:
  - _openmp_mutex >=4.5
  constrains:
  - libgcc-ng ==16.2.0=*_7
  - libgomp 16.2.0 h8acb6b2_7
  license: GPL-3.0-only WITH GCC-exception-3.1
  license_family: GPL
  run_exports: {}
  size: 627793
  timestamp: 1790302345214
- conda: https://conda.anaconda.org/conda-forge/linux-aarch64/libgomp-16.2.0-h8acb6b2_7.conda
  sha256: 4406fd67c5beeb99b9372f9bf07aa3e40ca141e337eceebac3ff64aa72799494
  md5: 259ded79ac497cfbcf5434540e8b81b6
  license: GPL-3.0-only WITH GCC-exception-3.1
  license_family: GPL
  run_exports:
    strong:
    - _openmp_mutex >=4.5
  size: 617342
  timestamp: 1790302273072
- conda: https://conda.anaconda.org/conda-forge/linux-aarch64/libstdcxx-16.2.0-hef695bb_7.conda
  sha256: b241a3acfa9cdb1359112864a1241225533c92642de3000d52ae65ef5d3a9786
  md5: 6c823668e78160957d1b061ceec15c2c
  depends:
  - libgcc 16.2.0 h205dda4_7
  constrains:
  - libstdcxx-ng ==16.2.0=*_7
  license: GPL-3.0-only WITH GCC-exception-3.1
  license_family: GPL
  run_exports: {}
  size: 6236630
  timestamp: 1790302364054
- conda: https://conda.anaconda.org/conda-forge/linux-aarch64/libxcrypt-4.4.38-h80f16a2_0.conda
  sha256: d3514900e2121972e435f7803763c1843dad6709e48aa02a2b47c4d481f83be7
  md5: b1a5cb7ff2d8f5911ba1fb6897176098
  depends:
  - libgcc >=14
  license: LGPL-2.1-or-later
  run_exports:
    weak:
    - libxcrypt >=4.4.38
  size: 133882
  timestamp: 1785887114864
- conda: https://conda.anaconda.org/conda-forge/linux-aarch64/libzlib-1.3.2-hdc9db2a_3.conda
  sha256: 76efa6cc9d7e6f5ee3bbca0939f64054af2bdfb3c3632531f8e633cf6c2ea41e
  md5: bd534c2fbe56d8c2ea3b2d8f5e12bca8
  constrains:
  - zlib 1.3.2 *_3
  license: Zlib
  license_family: Other
  run_exports:
    weak:
    - libzlib >=1.3.2,<2.0a0
  size: 70108
  timestamp: 1785276540870
- conda: https://conda.anaconda.org/conda-forge/linux-aarch64/ncurses-6.6-h2b6f883_1.conda
  sha256: d69a04914139627f0a6bfd19412d6c7f1e37edc896af84a6011e07e8bc1e69fa
  md5: c3b4349171ca987ff33a1de61f7b3f96
  depends:
  - libgcc >=14
  license: X11 AND BSD-3-Clause
  run_exports:
    weak:
    - ncurses >=6.6,<7.0a0
  size: 955422
  timestamp: 1786355019431
- conda: https://conda.anaconda.org/conda-forge/linux-aarch64/openssl-3.6.5-he6ad1d5_0.conda
  sha256: 238136f1df197ecd89bafd728a34d0642176f3170423d13d8276746d675a9485
  md5: 92aec5ec417d2ce9ae109e6c5ad377ff
  depends:
  - ca-certificates
  - libgcc >=15
  license: Apache-2.0
  license_family: Apache
  run_exports:
    weak:
    - openssl >=3.6.5,<4.0a0
  size: 3716078
  timestamp: 1791097887829
- conda: https://conda.anaconda.org/conda-forge/linux-aarch64/readline-8.3-ha7194a6_1.conda
  sha256: 80167dcf73a96b6d0c1bb2298d7b8b9bc21b27cc5bf56979f9c548b49a4d1722
  md5: 5b399a7afa10098f2a6b02263181426e
  depends:
  - libgcc >=15
  - ncurses >=6.6,<7.0a0
  license: GPL-3.0-only
  license_family: GPL
  run_exports:
    weak:
    - readline >=8.3,<9.0a0
  size: 364344
  timestamp: 1787033761576
- conda: https://conda.anaconda.org/conda-forge/linux-aarch64/ruby-3.4.8-h3df7994_0.conda
  sha256: cd495abae996e5da856e966f799a52f08295d8150334629e07ef8e286dfd5c2e
  md5: 8994f0f9c528bbde9a2809d7a7f04b42
  depends:
  - gmp >=6.3.0,<7.0a0
  - libffi >=3.5.2,<3.6.0a0
  - libgcc >=14
  - libxcrypt >=4.4.36
  - libzlib >=1.3.1,<2.0a0
  - ncurses >=6.5,<7.0a0
  - openssl >=3.5.4,<4.0a0
  - readline >=8.3,<9.0a0
  - yaml >=0.2.5,<0.3.0a0
  constrains:
  - __glibc >=2.17
  track_features:
  - rb34
  license: BSD-2-Clause
  license_family: BSD
  run_exports:
    weak:
    - ruby >=3.4.8,<3.5.0a0
  size: 10221801
  timestamp: 1765964015229
- conda: https://conda.anaconda.org/conda-forge/linux-aarch64/shellcheck-0.11.0-h8af1aa0_2.conda
  sha256: 6eb78c98449c28b0896159b0d010281592804ab725f5beb1030a8007575f757e
  md5: 5c51529bad8c90c4b3b95f688b209817
  license: GPL-3.0-only
  license_family: GPL
  run_exports: {}
  size: 7809736
  timestamp: 1790697391440
- conda: https://conda.anaconda.org/conda-forge/linux-aarch64/yaml-0.2.5-h29ee22c_3.conda
  sha256: 97e0fbe447c8f8bb1789047f37448062ebecda29bd264fcdf6129b8d08f174c9
  md5: 6c97c1f44a81be1b4d5ba15a06153256
  depends:
  - libgcc >=15
  license: MIT
  license_family: MIT
  run_exports:
    weak:
    - yaml >=0.2.5,<0.3.0a0
  size: 88597
  timestamp: 1787228457350
- conda: https://conda.anaconda.org/conda-forge/noarch/ca-certificates-2026.7.22-h4c7d964_0.conda
  sha256: 95e8e74062a5fe5f870ac8c90302b6e89945165fdaed7810606e84ddee6aac12
  md5: e27d2ac27b096dc51fedfcf775a53f9b
  depends:
  - __win
  license: ISC
  run_exports: {}
  size: 132136
  timestamp: 1784754918886
- conda: https://conda.anaconda.org/conda-forge/noarch/ca-certificates-2026.7.22-hbd8a1cb_0.conda
  sha256: 0a0544cf95f64394fe4959286f5c71f5444ad58feb0602e53becb27448d24da6
  md5: 0f51e2391ade309db462a55611263e9c
  depends:
  - __unix
  license: ISC
  run_exports: {}
  size: 131780
  timestamp: 1784754889428
- conda: https://conda.anaconda.org/conda-forge/osx-64/actionlint-1.7.12-h5220d24_0.conda
  sha256: 0a3f0f673f7a1c3dcc5bd04f759b977676e3d680ec50346e9013a0c067426d3c
  md5: 7a360d28a2a40006bc138f05b93188d1
  depends:
  - __osx >=11.0
  constrains:
  - __osx >=10.12
  license: MIT
  license_family: MIT
  run_exports: {}
  size: 2079880
  timestamp: 1774975813961
- conda: https://conda.anaconda.org/conda-forge/osx-64/gdbm-1.18-h8a0c380_2.tar.bz2
  sha256: babcb995c2771c5f7ea6b4dea92556fa211b06674669d8d14e5e5513ad8fcba9
  md5: bcef512adfef490486e0ac10e24a6bff
  depends:
  - readline >=8.0,<9.0a0
  license: GPL-3.0
  license_family: GPL
  run_exports:
    weak:
    - gdbm >=1.18,<1.19.0a0
  size: 134183
  timestamp: 1597622089595
- conda: https://conda.anaconda.org/conda-forge/osx-64/gettext-0.25.1-h98e67c8_2.conda
  sha256: f0a04a1e842ab628b1bb66e29b9a157f9764cb16ef91943c802acf3238d2793a
  md5: a0b7008aa8d72901f57810178e3880a3
  depends:
  - __osx >=11.0
  - gettext-tools 0.25.1 h98e67c8_2
  - libasprintf 0.25.1 h98e67c8_2
  - libasprintf-devel 0.25.1 h98e67c8_2
  - libcxx >=21
  - libgettextpo 0.25.1 h98e67c8_2
  - libgettextpo-devel 0.25.1 h98e67c8_2
  - libiconv >=1.18,<2.0a0
  - libintl 0.25.1 h98e67c8_2
  - libintl-devel 0.25.1 h98e67c8_2
  license: LGPL-2.1-or-later AND GPL-3.0-or-later
  run_exports:
    weak:
    - libintl >=0.25.1,<1.0a0
    - libasprintf >=0.25.1,<1.0a0
    - libgettextpo >=0.25.1,<1.0a0
  size: 554533
  timestamp: 1790119758977
- conda: https://conda.anaconda.org/conda-forge/osx-64/gettext-tools-0.25.1-h98e67c8_2.conda
  sha256: 196de037595be991a3702b59d6bc1dfa90c7e8efc2ddcda809d6eb34c8e29506
  md5: 1c435675df31de9791dc3730e12b6d1d
  depends:
  - __osx >=11.0
  - libiconv >=1.18,<2.0a0
  - libintl 0.25.1 h98e67c8_2
  license: GPL-3.0-or-later
  license_family: GPL
  run_exports: {}
  size: 3781525
  timestamp: 1790119686844
- conda: https://conda.anaconda.org/conda-forge/osx-64/gmp-6.3.0-h65442b7_3.conda
  sha256: 64368a142b262c400cf15e649bfeca1d07cf41f39521e5284036c42533a2dad5
  md5: a02dd7bb48ecd345060a1203337aaa4a
  depends:
  - libcxx >=19
  - __osx >=11.0
  license: GPL-2.0-or-later OR LGPL-3.0-or-later
  run_exports:
    weak:
    - gmp >=6.3.0,<7.0a0
  size: 472039
  timestamp: 1786629284579
- conda: https://conda.anaconda.org/conda-forge/osx-64/go-shfmt-3.14.1-h5839d16_0.conda
  sha256: 5e567e90148deb97b83e3ffd3415de6c0380c8cac24a195f59ce388f063c9057
  md5: 52af554df6b61df8c6315ba1d9b1eb40
  constrains:
  - __osx >=10.12
  license: BSD-3-Clause
  license_family: BSD
  run_exports: {}
  size: 2202130
  timestamp: 1788728531401
- conda: https://conda.anaconda.org/conda-forge/osx-64/libasprintf-0.25.1-h98e67c8_2.conda
  sha256: 49de22dac7baf8d527ef94c636df5be03e16706f1429335b36c993b0bd4d0985
  md5: 72c8e4da313362802aaa74a3de03b59a
  depends:
  - __osx >=11.0
  - libcxx >=21
  license: LGPL-2.1-or-later
  run_exports:
    weak:
    - libasprintf >=0.25.1,<1.0a0
  size: 52548
  timestamp: 1790119497671
- conda: https://conda.anaconda.org/conda-forge/osx-64/libasprintf-devel-0.25.1-h98e67c8_2.conda
  sha256: 419221a8be0c478d61cd4aff8bf49c69acb27d03fe87a3ced29105d9a6ddfe43
  md5: 532b7c2ce216dd8199928b4d69f44a96
  depends:
  - __osx >=11.0
  - libasprintf 0.25.1 h98e67c8_2
  license: LGPL-2.1-or-later
  run_exports:
    weak:
    - libasprintf >=0.25.1,<1.0a0
  size: 36222
  timestamp: 1790119552075
- conda: https://conda.anaconda.org/conda-forge/osx-64/libcxx-23.1.3-h19cb2f5_0.conda
  sha256: 19ec3adf903c04aac6f31b180d283f0beb6d0393c5c1603f1d57355eb3a8fd66
  md5: 55664c771bbae09ac41bd7c940c3a7e1
  depends:
  - __osx >=11.0
  license: Apache-2.0 WITH LLVM-exception
  license_family: Apache
  run_exports: {}
  size: 573303
  timestamp: 1791337833929
- conda: https://conda.anaconda.org/conda-forge/osx-64/libffi-3.5.2-hd1f9c09_0.conda
  sha256: 951958d1792238006fdc6fce7f71f1b559534743b26cc1333497d46e5903a2d6
  md5: 66a0dc7464927d0853b590b6f53ba3ea
  depends:
  - __osx >=10.13
  license: MIT
  license_family: MIT
  run_exports:
    weak:
    - libffi >=3.5.2,<3.6.0a0
  size: 53583
  timestamp: 1769456300951
- conda: https://conda.anaconda.org/conda-forge/osx-64/libgettextpo-0.25.1-h98e67c8_2.conda
  sha256: 663f93332a2eb62a7f06c01655f89023a635a40db69faec43046a6a0f90832a9
  md5: 4cdcb1d293525000b922bd0a101ebff5
  depends:
  - __osx >=11.0
  - libiconv >=1.18,<2.0a0
  - libintl 0.25.1 h98e67c8_2
  license: GPL-3.0-or-later
  license_family: GPL
  run_exports:
    weak:
    - libgettextpo >=0.25.1,<1.0a0
  size: 200516
  timestamp: 1790119567619
- conda: https://conda.anaconda.org/conda-forge/osx-64/libgettextpo-devel-0.25.1-h98e67c8_2.conda
  sha256: f735528ff174bacbec2c73a9826f054ef91dcaa2c849dfce426781c73b6dfea4
  md5: 1d2e0cc8cea0d50ab21627d8dedeeaa4
  depends:
  - __osx >=11.0
  - libgettextpo 0.25.1 h98e67c8_2
  - libiconv >=1.18,<2.0a0
  - libintl 0.25.1 h98e67c8_2
  license: GPL-3.0-or-later
  license_family: GPL
  run_exports:
    weak:
    - libgettextpo >=0.25.1,<1.0a0
  size: 39007
  timestamp: 1790119593854
- conda: https://conda.anaconda.org/conda-forge/osx-64/libiconv-1.18-h4ae439b_3.conda
  sha256: 2389e03a58ed0f5e8f2469eb4d4ba80d0af378b38854ae5eee65e5b641244082
  md5: 9fd2f77288f43e462ccc6b0e5f018c89
  depends:
  - __osx >=11.0
  license: LGPL-2.1-only
  run_exports:
    weak:
    - libiconv >=1.18,<2.0a0
  size: 736150
  timestamp: 1787034707041
- conda: https://conda.anaconda.org/conda-forge/osx-64/libintl-0.25.1-h98e67c8_2.conda
  sha256: 1fad645b88742ad51dbaf9a6709fa9663edd663a4fed6b27c9c4cbc42fa9c514
  md5: e2a18b5a25e8b2c3c24e6f185220299f
  depends:
  - __osx >=11.0
  - libiconv >=1.18,<2.0a0
  license: LGPL-2.1-or-later
  run_exports:
    weak:
    - libintl >=0.25.1,<1.0a0
  size: 99337
  timestamp: 1790119517486
- conda: https://conda.anaconda.org/conda-forge/osx-64/libintl-devel-0.25.1-h98e67c8_2.conda
  sha256: f0bed924032f9bb3e8053d993a549d8f9ffe0586581fef8e2cad24d8b7b6cf06
  md5: a1c3f5fcc35b9ca48e4b87a23dc2fe20
  depends:
  - __osx >=11.0
  - libiconv >=1.18,<2.0a0
  - libintl 0.25.1 h98e67c8_2
  license: LGPL-2.1-or-later
  run_exports:
    weak:
    - libintl >=0.25.1,<1.0a0
  size: 41648
  timestamp: 1790119580166
- conda: https://conda.anaconda.org/conda-forge/osx-64/libzlib-1.3.2-hbb4bfdb_3.conda
  sha256: b2dba286dd6632292b12296e761193b5ef9fb0eaeecaa481f5ba9af72c0c18e1
  md5: 7d3fa28263bb7f8ea32db11f570a5bb6
  depends:
  - __osx >=11.0
  constrains:
  - zlib 1.3.2 *_3
  license: Zlib
  license_family: Other
  run_exports:
    weak:
    - libzlib >=1.3.2,<2.0a0
  size: 58993
  timestamp: 1785276808631
- conda: https://conda.anaconda.org/conda-forge/osx-64/ncurses-6.6-hcc0dc9a_1.conda
  sha256: 12c1d676b9a0e8109b576672519312c5428308f3f3d7706f8717e2f536d5d9e7
  md5: 88a79390f87c8f3334b9999a892e78d4
  depends:
  - __osx >=11.0
  license: X11 AND BSD-3-Clause
  run_exports:
    weak:
    - ncurses >=6.6,<7.0a0
  size: 834865
  timestamp: 1786356957789
- conda: https://conda.anaconda.org/conda-forge/osx-64/openssl-3.6.5-h332eb6d_0.conda
  sha256: d992d27aec2f1beac81f792c85b449546c030f06937b5b3ea7cf58431861dde4
  md5: 615ac6cff316565b442cd1af8b94837f
  depends:
  - __osx >=11.0
  - ca-certificates
  license: Apache-2.0
  license_family: Apache
  run_exports:
    weak:
    - openssl >=3.6.5,<4.0a0
  size: 2786968
  timestamp: 1791099439455
- conda: https://conda.anaconda.org/conda-forge/osx-64/readline-8.3-h000c2f7_1.conda
  sha256: feb9248a062b7a0738e56339d8c9e87bc9adf8e8c76549fb55b0b2456bec3a57
  md5: 434eb49340f57827ef7ca3bb21f77c32
  depends:
  - __osx >=11.0
  - ncurses >=6.6,<7.0a0
  license: GPL-3.0-only
  license_family: GPL
  run_exports:
    weak:
    - readline >=8.3,<9.0a0
  size: 319279
  timestamp: 1787034454836
- conda: https://conda.anaconda.org/conda-forge/osx-64/ruby-3.4.8-h7b6378a_0.conda
  sha256: d8904e0df6a238f00a482606d7882579e83b49ae4d63887e2c7b7d9e248cb6ce
  md5: 3f8d5d49d5a4a099732c22393cac3597
  depends:
  - __osx >=10.13
  - gdbm >=1.18,<1.19.0a0
  - gettext
  - gmp >=6.3.0,<7.0a0
  - libasprintf >=0.25.1,<1.0a0
  - libffi >=3.5.2,<3.6.0a0
  - libgettextpo >=0.25.1,<1.0a0
  - libintl >=0.25.1,<1.0a0
  - libzlib >=1.3.1,<2.0a0
  - ncurses >=6.5,<7.0a0
  - openssl >=3.5.4,<4.0a0
  - readline >=8.3,<9.0a0
  - yaml >=0.2.5,<0.3.0a0
  constrains:
  - __osx >=10.13
  track_features:
  - rb34
  license: BSD-2-Clause
  license_family: BSD
  run_exports:
    weak:
    - ruby >=3.4.8,<3.5.0a0
  size: 12615766
  timestamp: 1765964884971
- conda: https://conda.anaconda.org/conda-forge/osx-64/shellcheck-0.11.0-h7dd6a17_2.conda
  sha256: fc2c5e6f5f13d63eea209132969e56a0fdabe7ec721d7801217ef2f7efdcfc73
  md5: 47291c5aee27873fdac944eba18947f5
  depends:
  - gmp >=6.3.0,<7.0a0
  license: GPL-3.0-only
  license_family: GPL
  run_exports: {}
  size: 1344159
  timestamp: 1790698168952
- conda: https://conda.anaconda.org/conda-forge/osx-64/yaml-0.2.5-had63097_3.conda
  sha256: b63a29a5e4968b28c8403525549fd662de8ff5863e6287f89cfaac7d1d688ea0
  md5: 9b30f8e851965211d981aca9c9bd1196
  depends:
  - __osx >=11.0
  license: MIT
  license_family: MIT
  run_exports:
    weak:
    - yaml >=0.2.5,<0.3.0a0
  size: 75645
  timestamp: 1787228502493
- conda: https://conda.anaconda.org/conda-forge/osx-arm64/actionlint-1.7.12-h7969508_0.conda
  sha256: 94a8c69857d5365990f8231a901ea102736694546497cc674962e97b3e8d8d96
  md5: 87084addab359d538cbf8493726cf3f8
  depends:
  - __osx >=11.0
  license: MIT
  license_family: MIT
  run_exports: {}
  size: 1855795
  timestamp: 1774975876774
- conda: https://conda.anaconda.org/conda-forge/osx-arm64/gettext-0.25.1-hae62183_2.conda
  sha256: 3fc8894ff775be3464117e0bce1fa9feabdb1731fc0b983d86af80fdf69b09d3
  md5: f8f7c4650eb27be5441c36ca7868cd69
  depends:
  - __osx >=11.0
  - gettext-tools 0.25.1 hae62183_2
  - libasprintf 0.25.1 hae62183_2
  - libasprintf-devel 0.25.1 hae62183_2
  - libcxx >=21
  - libgettextpo 0.25.1 hae62183_2
  - libgettextpo-devel 0.25.1 hae62183_2
  - libiconv >=1.18,<2.0a0
  - libintl 0.25.1 hae62183_2
  - libintl-devel 0.25.1 hae62183_2
  license: LGPL-2.1-or-later AND GPL-3.0-or-later
  run_exports:
    weak:
    - libintl >=0.25.1,<1.0a0
    - libasprintf >=0.25.1,<1.0a0
    - libgettextpo >=0.25.1,<1.0a0
  size: 556261
  timestamp: 1790118879074
- conda: https://conda.anaconda.org/conda-forge/osx-arm64/gettext-tools-0.25.1-hae62183_2.conda
  sha256: 1e2fa4c23fc1827eb0ad986690efade65b63a165ff8a59d32cdaa04f824e3a1c
  md5: 7df4cdd6e82f32fc964f2c21aea04046
  depends:
  - __osx >=11.0
  - libiconv >=1.18,<2.0a0
  - libintl 0.25.1 hae62183_2
  license: GPL-3.0-or-later
  license_family: GPL
  run_exports: {}
  size: 3712439
  timestamp: 1790118807342
- conda: https://conda.anaconda.org/conda-forge/osx-arm64/gmp-6.3.0-hf5e55b1_3.conda
  sha256: 980cb1bbc3656d6f923d44297a2c4ab75f20482b8930c70537fd7f1ef2378894
  md5: bbfa5bd261b68536ddcda39e03d3407f
  depends:
  - libcxx >=19
  - __osx >=11.0
  license: GPL-2.0-or-later OR LGPL-3.0-or-later
  run_exports:
    weak:
    - gmp >=6.3.0,<7.0a0
  size: 399307
  timestamp: 1786629210135
- conda: https://conda.anaconda.org/conda-forge/osx-arm64/go-shfmt-3.14.1-hf76c51c_0.conda
  sha256: d0916c2c6628cf208b7b7c1fd5c74ef730fbe1de2fe9d5025cedefc5ea910073
  md5: e432026d73defb11a5fcd1fcd2c488e8
  license: BSD-3-Clause
  license_family: BSD
  run_exports: {}
  size: 2036863
  timestamp: 1788728454973
- conda: https://conda.anaconda.org/conda-forge/osx-arm64/libasprintf-0.25.1-hae62183_2.conda
  sha256: af6e0e598ace7cdac145daec66c39916016ebcd4d960246b5e90c4247e47be52
  md5: fa3b4ff4b5cbde3a77824949f5d0b1ef
  depends:
  - __osx >=11.0
  - libcxx >=21
  license: LGPL-2.1-or-later
  run_exports:
    weak:
    - libasprintf >=0.25.1,<1.0a0
  size: 52487
  timestamp: 1790118662123
- conda: https://conda.anaconda.org/conda-forge/osx-arm64/libasprintf-devel-0.25.1-hae62183_2.conda
  sha256: ef7015ab576a01b3c65591cc14daded4002c9f1138c4ca95f5a059baf181ba79
  md5: 63b67bfd0038e4e4b56f4ffae33f2bcc
  depends:
  - __osx >=11.0
  - libasprintf 0.25.1 hae62183_2
  license: LGPL-2.1-or-later
  run_exports:
    weak:
    - libasprintf >=0.25.1,<1.0a0
  size: 36411
  timestamp: 1790118687849
- conda: https://conda.anaconda.org/conda-forge/osx-arm64/libcxx-23.1.3-h55c6f16_0.conda
  sha256: 2d9d31172d7919bd276a8d1be338de567dd5afdd181e8d3d3d8c2d8695e09de2
  md5: 424521e52e65ef7f6cf957c4966e6386
  depends:
  - __osx >=11.0
  license: Apache-2.0 WITH LLVM-exception
  license_family: Apache
  run_exports: {}
  size: 577501
  timestamp: 1791337239735
- conda: https://conda.anaconda.org/conda-forge/osx-arm64/libffi-3.5.2-hcf2aa1b_0.conda
  sha256: 6686a26466a527585e6a75cc2a242bf4a3d97d6d6c86424a441677917f28bec7
  md5: 43c04d9cb46ef176bb2a4c77e324d599
  depends:
  - __osx >=11.0
  license: MIT
  license_family: MIT
  run_exports:
    weak:
    - libffi >=3.5.2,<3.6.0a0
  size: 40979
  timestamp: 1769456747661
- conda: https://conda.anaconda.org/conda-forge/osx-arm64/libgettextpo-0.25.1-hae62183_2.conda
  sha256: ea81b8992214e8c4cd289ba4b9092004aa941ddb12900a32cfbc28be6d3156ff
  md5: 93e3f213a8e3fa21fb7b1407d6a4cd44
  depends:
  - __osx >=11.0
  - libiconv >=1.18,<2.0a0
  - libintl 0.25.1 hae62183_2
  license: GPL-3.0-or-later
  license_family: GPL
  run_exports:
    weak:
    - libgettextpo >=0.25.1,<1.0a0
  size: 182332
  timestamp: 1790118703147
- conda: https://conda.anaconda.org/conda-forge/osx-arm64/libgettextpo-devel-0.25.1-hae62183_2.conda
  sha256: ade9ccfd1f85c5b207cdedcdd8f5acdad3cbc2ea03770e8c4a823ea404aef978
  md5: 6d00a561ccbafb83af7668ca061b253c
  depends:
  - __osx >=11.0
  - libgettextpo 0.25.1 hae62183_2
  - libiconv >=1.18,<2.0a0
  - libintl 0.25.1 hae62183_2
  license: GPL-3.0-or-later
  license_family: GPL
  run_exports:
    weak:
    - libgettextpo >=0.25.1,<1.0a0
  size: 39203
  timestamp: 1790118727083
- conda: https://conda.anaconda.org/conda-forge/osx-arm64/libiconv-1.18-he4c29f2_3.conda
  sha256: 689a14968267f2f97c07112fca5636e7d756036b9aee969911267c20bd3eea1f
  md5: 17f4744c0873e9f77ac9b5cd0a27c187
  depends:
  - __osx >=11.0
  license: LGPL-2.1-only
  run_exports:
    weak:
    - libiconv >=1.18,<2.0a0
  size: 750816
  timestamp: 1787033961086
- conda: https://conda.anaconda.org/conda-forge/osx-arm64/libintl-0.25.1-hae62183_2.conda
  sha256: b43c6645e668f86d04d5c06d6dc17efe921bbd9244be4b77946d56fb950a3fcc
  md5: a3a4193101bc5427e6cf8be81d5eeddf
  depends:
  - __osx >=11.0
  - libiconv >=1.18,<2.0a0
  license: LGPL-2.1-or-later
  run_exports:
    weak:
    - libintl >=0.25.1,<1.0a0
  size: 90024
  timestamp: 1790118675563
- conda: https://conda.anaconda.org/conda-forge/osx-arm64/libintl-devel-0.25.1-hae62183_2.conda
  sha256: 99432d75dd5df8a592b76545a31d604d8e0332660aa27e2c8769857f246c6b44
  md5: 88a498f724dacf25a308a6873f066769
  depends:
  - __osx >=11.0
  - libiconv >=1.18,<2.0a0
  - libintl 0.25.1 hae62183_2
  license: LGPL-2.1-or-later
  run_exports:
    weak:
    - libintl >=0.25.1,<1.0a0
  size: 41844
  timestamp: 1790118714457
- conda: https://conda.anaconda.org/conda-forge/osx-arm64/libzlib-1.3.2-h8088a28_3.conda
  sha256: a18fa5d5bac452401459f966cf0d872224e8080c4ff93c77e168d43ab42ef9d7
  md5: f39288f0ea63ae962e1a2e4f355a0d75
  depends:
  - __osx >=11.0
  constrains:
  - zlib 1.3.2 *_3
  license: Zlib
  license_family: Other
  run_exports:
    weak:
    - libzlib >=1.3.2,<2.0a0
  size: 47822
  timestamp: 1785277049190
- conda: https://conda.anaconda.org/conda-forge/osx-arm64/ncurses-6.6-he64c551_1.conda
  sha256: 7024a48c8c0d0114ed4ab53c76bf9275d50e91ba7cea367a9aead638d3c29c68
  md5: 3dfa0d0316dc246cd44937a557de4501
  depends:
  - __osx >=11.0
  license: X11 AND BSD-3-Clause
  run_exports:
    weak:
    - ncurses >=6.6,<7.0a0
  size: 804298
  timestamp: 1786355189145
- conda: https://conda.anaconda.org/conda-forge/osx-arm64/openssl-3.6.5-h55eecbc_0.conda
  sha256: 44fbc526456571a9fb8fa18157f6f269d4d4bd40eef20183a93b9c9296f94497
  md5: 45d9179cdf6e53d88aec034246f0dad6
  depends:
  - __osx >=11.0
  - ca-certificates
  license: Apache-2.0
  license_family: Apache
  run_exports:
    weak:
    - openssl >=3.6.5,<4.0a0
  size: 3111573
  timestamp: 1791097959641
- conda: https://conda.anaconda.org/conda-forge/osx-arm64/readline-8.3-h8b90a29_1.conda
  sha256: d6782b430e6dce4fe8c7ac118cd988d5a193eb4a7f60741edfaede58016b6110
  md5: 9347fd56a002e6b58946831d48fe62f6
  depends:
  - __osx >=11.0
  - ncurses >=6.6,<7.0a0
  license: GPL-3.0-only
  license_family: GPL
  run_exports:
    weak:
    - readline >=8.3,<9.0a0
  size: 314395
  timestamp: 1787033878899
- conda: https://conda.anaconda.org/conda-forge/osx-arm64/ruby-3.4.8-hbf9a790_0.conda
  sha256: 20fd2b0749b6ead3ec5509073a9982c5cd34dbb73156673ab604c353e6d7448a
  md5: 97900007571735d71bd949439fd6a493
  depends:
  - __osx >=11.0
  - gettext
  - gmp >=6.3.0,<7.0a0
  - libasprintf >=0.25.1,<1.0a0
  - libffi >=3.5.2,<3.6.0a0
  - libgettextpo >=0.25.1,<1.0a0
  - libintl >=0.25.1,<1.0a0
  - libzlib >=1.3.1,<2.0a0
  - ncurses >=6.5,<7.0a0
  - openssl >=3.5.4,<4.0a0
  - readline >=8.3,<9.0a0
  - yaml >=0.2.5,<0.3.0a0
  constrains:
  - __osx >=11.0
  track_features:
  - rb34
  license: BSD-2-Clause
  license_family: BSD
  run_exports:
    weak:
    - ruby >=3.4.8,<3.5.0a0
  size: 11798937
  timestamp: 1765964668469
- conda: https://conda.anaconda.org/conda-forge/osx-arm64/shellcheck-0.11.0-hecfb573_2.conda
  sha256: 0705f4a101862614510b74d3324ef1eb56586178f9119bfd29f2151f73b9b2c4
  md5: e4a52302074ca18b93e434558aad5af1
  depends:
  - gmp >=6.3.0,<7.0a0
  license: GPL-3.0-only
  license_family: GPL
  run_exports: {}
  size: 8246200
  timestamp: 1790697282002
- conda: https://conda.anaconda.org/conda-forge/osx-arm64/yaml-0.2.5-h74c22ad_3.conda
  sha256: 3e78c43207502418fc5fb2317bbbefe5df8b6fc1051d90bdcd1c881c76bb4193
  md5: 31cf6dcc138abe673c9440cd6fe6c6fe
  depends:
  - __osx >=11.0
  license: MIT
  license_family: MIT
  run_exports:
    weak:
    - yaml >=0.2.5,<0.3.0a0
  size: 77530
  timestamp: 1787228556857
- conda: https://conda.anaconda.org/conda-forge/win-64/actionlint-1.7.12-h11b0a5a_0.conda
  sha256: c06ad63dd652546687ec28c131975c183a240cd7b281d14403ef3bb5c6858f76
  md5: 78b9e566476a9df08fa5840ba9e2aeae
  depends:
  - vc >=14.3,<15
  - vc14_runtime >=14.44.35208
  - ucrt >=10.0.20348.0
  license: MIT
  license_family: MIT
  run_exports: {}
  size: 2152519
  timestamp: 1774975834444
- conda: https://conda.anaconda.org/conda-forge/win-64/go-shfmt-3.14.1-h11686cb_0.conda
  sha256: 8f8036329369fdd4c354f60ae005d1441cd406bf993b29a7427e68b384b88051
  md5: 11363a4de458b3b1ce01493b69157de7
  license: BSD-3-Clause
  license_family: BSD
  run_exports: {}
  size: 2238347
  timestamp: 1788728451441
- conda: https://conda.anaconda.org/conda-forge/win-64/libffi-3.5.2-h3d046cb_0.conda
  sha256: 59d01f2dfa8b77491b5888a5ab88ff4e1574c9359f7e229da254cdfe27ddc190
  md5: 720b39f5ec0610457b725eb3f396219a
  depends:
  - ucrt >=10.0.20348.0
  - vc >=14.3,<15
  - vc14_runtime >=14.44.35208
  license: MIT
  license_family: MIT
  run_exports:
    weak:
    - libffi >=3.5.2,<3.6.0a0
  size: 45831
  timestamp: 1769456418774
- conda: https://conda.anaconda.org/conda-forge/win-64/libzlib-1.3.2-hfd05255_3.conda
  sha256: 0629c2cc0404d3bb29d6baa7b4ba62da80797015e86de050db81ea5a07050527
  md5: 5d2ff29d465097458cc3ff6569151991
  depends:
  - ucrt >=10.0.20348.0
  - vc >=14.3,<15
  - vc14_runtime >=14.44.35208
  constrains:
  - zlib 1.3.2 *_3
  license: Zlib
  license_family: Other
  run_exports:
    weak:
    - libzlib >=1.3.2,<2.0a0
  size: 58529
  timestamp: 1785276664143
- conda: https://conda.anaconda.org/conda-forge/win-64/openssl-3.6.5-hf411b9b_0.conda
  sha256: bc44625e0c6d83f3e02b5f6adc01e0e3ca7001d3d94e24959591a57f5a011b9a
  md5: f002ec2237836867bfd3d1299a6005da
  depends:
  - ca-certificates
  - ucrt >=10.0.20348.0
  - vc >=14.3,<15
  - vc14_runtime >=14.44.35208
  license: Apache-2.0
  license_family: Apache
  run_exports:
    weak:
    - openssl >=3.6.5,<4.0a0
  size: 9402647
  timestamp: 1791099870810
- conda: https://conda.anaconda.org/conda-forge/win-64/ruby-3.4.8-h8d30f69_0.conda
  sha256: 2893757cdad3962e507feafa6a361a4a63ce9dc3b2e03d81210afe9ea272cc92
  md5: 653f36cc7d924525727a9f37c3c441e5
  depends:
  - libffi >=3.5.2,<3.6.0a0
  - libzlib >=1.3.1,<2.0a0
  - openssl >=3.5.4,<4.0a0
  - ucrt >=10.0.20348.0
  - vc >=14.3,<15
  - vc14_runtime >=14.44.35208
  - yaml >=0.2.5,<0.3.0a0
  track_features:
  - rb34
  license: BSD-2-Clause
  license_family: BSD
  run_exports:
    weak:
    - ruby >=3.4.8,<3.5.0a0
  size: 18746675
  timestamp: 1765964772991
- conda: https://conda.anaconda.org/conda-forge/win-64/shellcheck-0.11.0-h57928b3_2.conda
  sha256: 85f0da03c4e3230d7360503fa85dccedbf716ea2e0a3a699072d3f47d34485f3
  md5: b4b3e216268ba9aac57ac2d5f9ee87dc
  license: GPL-3.0-only
  license_family: GPL
  run_exports: {}
  size: 2922750
  timestamp: 1790697302234
- conda: https://conda.anaconda.org/conda-forge/win-64/ucrt-10.0.26100.0-h57928b3_0.conda
  sha256: 3005729dce6f3d3f5ec91dfc49fc75a0095f9cd23bab49efb899657297ac91a5
  md5: 71b24316859acd00bdb8b38f5e2ce328
  constrains:
  - vc14_runtime >=14.29.30037
  - vs2015_runtime >=14.29.30037
  license: LicenseRef-MicrosoftWindowsSDK10
  run_exports: {}
  size: 694692
  timestamp: 1756385147981
- conda: https://conda.anaconda.org/conda-forge/win-64/vc-14.5-ha367084_41.conda
  sha256: 35444c55a92e2f7f7ba26bc70f81e56e52344f7d064c0fd4b40a46a58517b79c
  md5: aa805b5522c2a98fa286e551a1f48546
  depends:
  - vc14_runtime >=14.51.36247
  track_features:
  - vc14
  license: BSD-3-Clause
  license_family: BSD
  run_exports: {}
  size: 21383
  timestamp: 1785359368566
- conda: https://conda.anaconda.org/conda-forge/win-64/vc14_runtime-14.51.36247-habf1de7_41.conda
  sha256: 4e4cb599cdc41bf2109d1464c127b5bcbddf548ce3e322e612afb691338b48f8
  md5: ac5333bb3d429361f23adf704cc49a78
  depends:
  - ucrt >=10.0.20348.0
  - vcomp14 14.51.36247 habf1de7_41
  constrains:
  - vs2015_runtime 14.51.36247.* *_41
  license: LicenseRef-MicrosoftVisualCpp2015-2022Runtime
  license_family: Proprietary
  run_exports: {}
  size: 767955
  timestamp: 1785359364369
- conda: https://conda.anaconda.org/conda-forge/win-64/vcomp14-14.51.36247-habf1de7_41.conda
  sha256: 731e043390c9457299484d39e427221fc868a9249540a498a5a4f6456c7744d1
  md5: 350bb67a5c8e5f1c53347ac544ab6600
  depends:
  - ucrt >=10.0.20348.0
  constrains:
  - vs2015_runtime 14.51.36247.* *_41
  license: LicenseRef-MicrosoftVisualCpp2015-2022Runtime
  license_family: Proprietary
  run_exports:
    strong:
    - vcomp14 >=14.51.36247
  size: 155910
  timestamp: 1785359349999
- conda: https://conda.anaconda.org/conda-forge/win-64/yaml-0.2.5-h6a83c73_3.conda
  sha256: 80ee68c1e7683a35295232ea79bcc87279d31ffeda04a1665efdb43cbd50a309
  md5: 433699cba6602098ae8957a323da2664
  depends:
  - vc >=14.3,<15
  - vc14_runtime >=14.44.35208
  - ucrt >=10.0.20348.0
  - vc >=14.3,<15
  - vc14_runtime >=14.44.35208
  - ucrt >=10.0.20348.0
  license: MIT
  license_family: MIT
  run_exports:
    weak:
    - yaml >=0.2.5,<0.3.0a0
  size: 63944
  timestamp: 1753484092156
